{
  "object": {
    "pins": [
      {
        "package": "MMMObservables",
        "repositoryURL": "https://github.com/mediamonks/MMMObservables",
        "state": {
          "branch": null,
          "revision": "5d492ef4cc6acbea2a76e76395ffb8a1fcd193da",
          "version": "1.4.0"
        }
      }
    ]
  },
  "version": 1
}
